
Microsoft Visual Studio Solution File, Format Version 12.00
# Visual Studio Version 17
VisualStudioVersion = 17.7.34024.191
MinimumVisualStudioVersion = 10.0.40219.1
Project("{FAE04EC0-301F-11D3-BF4B-00C04F79EFBC}") = "RegistroCuentas", "RegistroCuentas\RegistroCuentas.csproj", "{F924AD31-DC98-476F-8B4D-3159F66DBAAE}"
EndProject
Global
	GlobalSection(SolutionConfigurationPlatforms) = preSolution
		Debug|Any CPU = Debug|Any CPU
		Release|Any CPU = Release|Any CPU
	EndGlobalSection
	GlobalSection(ProjectConfigurationPlatforms) = postSolution
		{F924AD31-DC98-476F-8B4D-3159F66DBAAE}.Debug|Any CPU.ActiveCfg = Debug|Any CPU
		{F924AD31-DC98-476F-8B4D-3159F66DBAAE}.Debug|Any CPU.Build.0 = Debug|Any CPU
		{F924AD31-DC98-476F-8B4D-3159F66DBAAE}.Release|Any CPU.ActiveCfg = Release|Any CPU
		{F924AD31-DC98-476F-8B4D-3159F66DBAAE}.Release|Any CPU.Build.0 = Release|Any CPU
	EndGlobalSection
	GlobalSection(SolutionProperties) = preSolution
		HideSolutionNode = FALSE
	EndGlobalSection
	GlobalSection(ExtensibilityGlobals) = postSolution
		SolutionGuid = {40E2ED34-C782-4C37-906B-24BB8DDF6ADB}
	EndGlobalSection
EndGlobal
